
Microsoft Visual Studio Solution File, Format Version 12.00
# Visual Studio Version 17
VisualStudioVersion = 17.5.33424.131
MinimumVisualStudioVersion = 10.0.40219.1
Project("{2150E333-8FDC-42A3-9474-1A3956D46DE8}") = "src", "src", "{91B44745-60B6-4039-8FC2-4075FCDE4080}"
EndProject
Project("{2150E333-8FDC-42A3-9474-1A3956D46DE8}") = "tests", "tests", "{D05EC41F-37AC-413B-A84B-82B67AE8B37D}"
EndProject
Project("{2150E333-8FDC-42A3-9474-1A3956D46DE8}") = "1 - Distributed Layer", "1 - Distributed Layer", "{D4E8F639-31F8-4044-8263-E50C97C09FDD}"
EndProject
Project("{2150E333-8FDC-42A3-9474-1A3956D46DE8}") = "Rest Services", "Rest Services", "{BC9E2324-8BD8-4824-9246-68C643E66A73}"
EndProject
Project("{2150E333-8FDC-42A3-9474-1A3956D46DE8}") = "2 - Application Core", "2 - Application Core", "{58BD0F95-7DA1-4579-8741-82C635668AEB}"
EndProject
Project("{2150E333-8FDC-42A3-9474-1A3956D46DE8}") = "3 - Infrastructure Layer", "3 - Infrastructure Layer", "{E73AFA03-B091-4499-BF5C-F5F1B752E803}"
EndProject
Project("{2150E333-8FDC-42A3-9474-1A3956D46DE8}") = "Application Layer", "Application Layer", "{9C29E02D-781E-4A90-9A2E-8112F8A29EE0}"
EndProject
Project("{2150E333-8FDC-42A3-9474-1A3956D46DE8}") = "Domain Layer", "Domain Layer", "{D0B9133E-A6F3-4132-BB37-098A33015960}"
EndProject
Project("{2150E333-8FDC-42A3-9474-1A3956D46DE8}") = "Database", "Database", "{0BE71F10-D048-4752-ACF9-FE94E905216E}"
EndProject
Project("{9A19103F-16F7-4668-BE54-9A1E7A4F7556}") = "APAdmin.Domain", "src\APAdmin.Domain\APAdmin.Domain.csproj", "{C3C7504B-7CAD-455B-8E70-FBFEFC32C2AE}"
EndProject
Project("{9A19103F-16F7-4668-BE54-9A1E7A4F7556}") = "APAdmin.Application", "src\APAdmin.Application\APAdmin.Application.csproj", "{88F071AC-D460-41E3-85A3-3EAE19928898}"
EndProject
Project("{9A19103F-16F7-4668-BE54-9A1E7A4F7556}") = "APAdmin.Infra.Database", "src\APAdmin.Infra.Database\APAdmin.Infra.Database.csproj", "{268A8E70-479E-40A7-A3AB-A57D90EC874D}"
EndProject
Project("{9A19103F-16F7-4668-BE54-9A1E7A4F7556}") = "APAdmin.WebApi", "src\APAdmin.WebApi\APAdmin.WebApi.csproj", "{A362B28B-E12A-489E-A8F4-21D6955014F7}"
EndProject
Project("{2150E333-8FDC-42A3-9474-1A3956D46DE8}") = "Unit Tests", "Unit Tests", "{D2EF62FC-0341-4ABF-8E08-D5F1C54C0839}"
EndProject
Project("{2150E333-8FDC-42A3-9474-1A3956D46DE8}") = "Integration Tests", "Integration Tests", "{E092BEE0-AAAB-40D1-8772-FB140DB82EB8}"
EndProject
Project("{9A19103F-16F7-4668-BE54-9A1E7A4F7556}") = "APAdmin.IntegrationTests", "tests\APAdmin.IntegrationTests\APAdmin.IntegrationTests.csproj", "{060A9973-0C08-40AB-AA0C-C199B2A3BF7F}"
EndProject
Project("{9A19103F-16F7-4668-BE54-9A1E7A4F7556}") = "APAdmin.UnitTests", "tests\APAdmin.UnitTests\APAdmin.UnitTests.csproj", "{88752014-BB04-4077-9BFC-ACD9D3AE5D61}"
EndProject
Global
	GlobalSection(SolutionConfigurationPlatforms) = preSolution
		Debug|Any CPU = Debug|Any CPU
		Release|Any CPU = Release|Any CPU
	EndGlobalSection
	GlobalSection(ProjectConfigurationPlatforms) = postSolution
		{C3C7504B-7CAD-455B-8E70-FBFEFC32C2AE}.Debug|Any CPU.ActiveCfg = Debug|Any CPU
		{C3C7504B-7CAD-455B-8E70-FBFEFC32C2AE}.Debug|Any CPU.Build.0 = Debug|Any CPU
		{C3C7504B-7CAD-455B-8E70-FBFEFC32C2AE}.Release|Any CPU.ActiveCfg = Release|Any CPU
		{C3C7504B-7CAD-455B-8E70-FBFEFC32C2AE}.Release|Any CPU.Build.0 = Release|Any CPU
		{88F071AC-D460-41E3-85A3-3EAE19928898}.Debug|Any CPU.ActiveCfg = Debug|Any CPU
		{88F071AC-D460-41E3-85A3-3EAE19928898}.Debug|Any CPU.Build.0 = Debug|Any CPU
		{88F071AC-D460-41E3-85A3-3EAE19928898}.Release|Any CPU.ActiveCfg = Release|Any CPU
		{88F071AC-D460-41E3-85A3-3EAE19928898}.Release|Any CPU.Build.0 = Release|Any CPU
		{268A8E70-479E-40A7-A3AB-A57D90EC874D}.Debug|Any CPU.ActiveCfg = Debug|Any CPU
		{268A8E70-479E-40A7-A3AB-A57D90EC874D}.Debug|Any CPU.Build.0 = Debug|Any CPU
		{268A8E70-479E-40A7-A3AB-A57D90EC874D}.Release|Any CPU.ActiveCfg = Release|Any CPU
		{268A8E70-479E-40A7-A3AB-A57D90EC874D}.Release|Any CPU.Build.0 = Release|Any CPU
		{A362B28B-E12A-489E-A8F4-21D6955014F7}.Debug|Any CPU.ActiveCfg = Debug|Any CPU
		{A362B28B-E12A-489E-A8F4-21D6955014F7}.Debug|Any CPU.Build.0 = Debug|Any CPU
		{A362B28B-E12A-489E-A8F4-21D6955014F7}.Release|Any CPU.ActiveCfg = Release|Any CPU
		{A362B28B-E12A-489E-A8F4-21D6955014F7}.Release|Any CPU.Build.0 = Release|Any CPU
		{060A9973-0C08-40AB-AA0C-C199B2A3BF7F}.Debug|Any CPU.ActiveCfg = Debug|Any CPU
		{060A9973-0C08-40AB-AA0C-C199B2A3BF7F}.Debug|Any CPU.Build.0 = Debug|Any CPU
		{060A9973-0C08-40AB-AA0C-C199B2A3BF7F}.Release|Any CPU.ActiveCfg = Release|Any CPU
		{060A9973-0C08-40AB-AA0C-C199B2A3BF7F}.Release|Any CPU.Build.0 = Release|Any CPU
		{88752014-BB04-4077-9BFC-ACD9D3AE5D61}.Debug|Any CPU.ActiveCfg = Debug|Any CPU
		{88752014-BB04-4077-9BFC-ACD9D3AE5D61}.Debug|Any CPU.Build.0 = Debug|Any CPU
		{88752014-BB04-4077-9BFC-ACD9D3AE5D61}.Release|Any CPU.ActiveCfg = Release|Any CPU
		{88752014-BB04-4077-9BFC-ACD9D3AE5D61}.Release|Any CPU.Build.0 = Release|Any CPU
	EndGlobalSection
	GlobalSection(SolutionProperties) = preSolution
		HideSolutionNode = FALSE
	EndGlobalSection
	GlobalSection(NestedProjects) = preSolution
		{D4E8F639-31F8-4044-8263-E50C97C09FDD} = {91B44745-60B6-4039-8FC2-4075FCDE4080}
		{BC9E2324-8BD8-4824-9246-68C643E66A73} = {D4E8F639-31F8-4044-8263-E50C97C09FDD}
		{58BD0F95-7DA1-4579-8741-82C635668AEB} = {91B44745-60B6-4039-8FC2-4075FCDE4080}
		{E73AFA03-B091-4499-BF5C-F5F1B752E803} = {91B44745-60B6-4039-8FC2-4075FCDE4080}
		{9C29E02D-781E-4A90-9A2E-8112F8A29EE0} = {58BD0F95-7DA1-4579-8741-82C635668AEB}
		{D0B9133E-A6F3-4132-BB37-098A33015960} = {58BD0F95-7DA1-4579-8741-82C635668AEB}
		{0BE71F10-D048-4752-ACF9-FE94E905216E} = {E73AFA03-B091-4499-BF5C-F5F1B752E803}
		{C3C7504B-7CAD-455B-8E70-FBFEFC32C2AE} = {D0B9133E-A6F3-4132-BB37-098A33015960}
		{88F071AC-D460-41E3-85A3-3EAE19928898} = {9C29E02D-781E-4A90-9A2E-8112F8A29EE0}
		{268A8E70-479E-40A7-A3AB-A57D90EC874D} = {0BE71F10-D048-4752-ACF9-FE94E905216E}
		{A362B28B-E12A-489E-A8F4-21D6955014F7} = {BC9E2324-8BD8-4824-9246-68C643E66A73}
		{D2EF62FC-0341-4ABF-8E08-D5F1C54C0839} = {D05EC41F-37AC-413B-A84B-82B67AE8B37D}
		{E092BEE0-AAAB-40D1-8772-FB140DB82EB8} = {D05EC41F-37AC-413B-A84B-82B67AE8B37D}
		{060A9973-0C08-40AB-AA0C-C199B2A3BF7F} = {E092BEE0-AAAB-40D1-8772-FB140DB82EB8}
		{88752014-BB04-4077-9BFC-ACD9D3AE5D61} = {D2EF62FC-0341-4ABF-8E08-D5F1C54C0839}
	EndGlobalSection
	GlobalSection(ExtensibilityGlobals) = postSolution
		SolutionGuid = {8E921F47-9F8F-45D7-9475-A897AE71A97E}
	EndGlobalSection
EndGlobal
